# This file is autogenerated, do not edit; changes may be undone by the next 'dep ensure'.


[[projects]]
  name = "github.com/container-storage-interface/spec"
  packages = ["lib/go/csi"]
  revision = "9e88e4bfabeca1b8e4810555815f112159292ada"
  version = "v0.1.0"

[[projects]]
  name = "github.com/coreos/etcd"
  packages = ["auth/authpb","clientv3","clientv3/concurrency","etcdserver/api/v3rpc/rpctypes","etcdserver/etcdserverpb","mvcc/mvccpb","pkg/types"]
  revision = "c23606781f63d09917a1e7abfcefeb337a9608ea"
  version = "v3.3.0"

[[projects]]
  name = "github.com/gogo/protobuf"
  packages = ["gogoproto","proto","protoc-gen-gogo/descriptor"]
  revision = "1adfc126b41513cc696b209667c8656ea7aac67c"
  version = "v1.0.0"

[[projects]]
  branch = "master"
  name = "github.com/golang/protobuf"
  packages = ["proto","ptypes","ptypes/any","ptypes/duration","ptypes/timestamp"]
  revision = "748d386b5c1ea99658fd69fe9f03991ce86a90c1"

[[projects]]
  branch = "master"
  name = "github.com/sirupsen/logrus"
  packages = ["."]
  revision = "89742aefa4b206dcf400792f3bd35b542998eb3b"

[[projects]]
  branch = "master"
  name = "github.com/thecodeteam/gocsi"
  packages = [".","context","middleware/logging","middleware/requestid","middleware/serialvolume","middleware/serialvolume/etcd","middleware/serialvolume/types","middleware/specvalidator","utils"]
  revision = "7c8cde14c34443ad78ce05cdcbc239dacd402695"

[[projects]]
  name = "github.com/thecodeteam/gofsutil"
  packages = ["."]
  revision = "56ae374ef75adf5ca8ea6b4b79d97175cb86deb2"
  version = "v0.1.2"

[[projects]]
  name = "github.com/thecodeteam/goioc"
  packages = ["."]
  revision = "bcc5c533363c5bb3eb0651a1413889ec71822200"
  version = "v0.2.0"

[[projects]]
  name = "github.com/thecodeteam/gosync"
  packages = ["."]
  revision = "94b0033d0b5fc254594c3174329c19356c2c4f63"
  version = "v0.1.0"

[[projects]]
  branch = "master"
  name = "golang.org/x/crypto"
  packages = ["ssh/terminal"]
  revision = "81e90905daefcd6fd217b62423c0908922eadb30"

[[projects]]
  branch = "master"
  name = "golang.org/x/net"
  packages = ["context","http2","http2/hpack","idna","internal/timeseries","lex/httplex","trace"]
  revision = "f5079bd7f6f74e23c4d65efa0f4ce14cbd6a3c0f"

[[projects]]
  branch = "master"
  name = "golang.org/x/sys"
  packages = ["unix","windows"]
  revision = "35ef4487ce0a1ea5d4b616ffe71e34febe723695"

[[projects]]
  branch = "master"
  name = "golang.org/x/text"
  packages = ["internal/gen","internal/triegen","internal/ucd","secure/bidirule","transform","unicode/bidi","unicode/cldr","unicode/norm","unicode/rangetable"]
  revision = "836efe42bb4aa16aaa17b9c155d8813d336ed720"

[[projects]]
  branch = "master"
  name = "google.golang.org/genproto"
  packages = ["googleapis/rpc/status"]
  revision = "b0a3dcfcd1a9bd48e63634bd8802960804cf8315"

[[projects]]
  name = "google.golang.org/grpc"
  packages = [".","balancer","balancer/base","balancer/roundrobin","codes","connectivity","credentials","encoding","grpclb/grpc_lb_v1/messages","grpclog","health/grpc_health_v1","internal","keepalive","metadata","naming","peer","resolver","resolver/dns","resolver/passthrough","stats","status","tap","transport"]
  revision = "6b51017f791ae1cfbec89c52efdf444b13b550ef"
  version = "v1.9.2"

[solve-meta]
  analyzer-name = "dep"
  analyzer-version = 1
  inputs-digest = "aabf258de2212252c860701252ed03394779367d2ac2115ea5d1cdb8e43d1aa7"
  solver-name = "gps-cdcl"
  solver-version = 1
